
Microsoft Visual Studio Solution File, Format Version 12.00
# Visual Studio Version 17
VisualStudioVersion = 17.4.33205.214
MinimumVisualStudioVersion = 10.0.40219.1
Project("{FAE04EC0-301F-11D3-BF4B-00C04F79EFBC}") = "Cryptography", "Cryptography\Cryptography.csproj", "{EB42FCB0-D7A2-4A6C-8ADA-E66F0D6D8DC3}"
EndProject
Project("{FAE04EC0-301F-11D3-BF4B-00C04F79EFBC}") = "Rijndael", "Rijndael\Rijndael.csproj", "{5CF2D183-6E3E-4ED7-8C23-2A11C54561C0}"
EndProject
Project("{FAE04EC0-301F-11D3-BF4B-00C04F79EFBC}") = "Des", "Des\Des.csproj", "{DBBF1B1E-6470-4C0B-8608-7A2CCB670496}"
EndProject
Project("{FAE04EC0-301F-11D3-BF4B-00C04F79EFBC}") = "Cipher", "Cipher\Cipher.csproj", "{0BF647A0-EAFF-4FAB-B71A-399C6ACF4B9F}"
EndProject
Project("{FAE04EC0-301F-11D3-BF4B-00C04F79EFBC}") = "Block_Cryptography_Algorithm", "Block_Cryptography_Algorithm\Block_Cryptography_Algorithm.csproj", "{93CE7BC2-09CA-47D5-9CC3-24B40BF49CCB}"
EndProject
Global
	GlobalSection(SolutionConfigurationPlatforms) = preSolution
		Debug|Any CPU = Debug|Any CPU
		Release|Any CPU = Release|Any CPU
	EndGlobalSection
	GlobalSection(ProjectConfigurationPlatforms) = postSolution
		{EB42FCB0-D7A2-4A6C-8ADA-E66F0D6D8DC3}.Debug|Any CPU.ActiveCfg = Debug|Any CPU
		{EB42FCB0-D7A2-4A6C-8ADA-E66F0D6D8DC3}.Debug|Any CPU.Build.0 = Debug|Any CPU
		{EB42FCB0-D7A2-4A6C-8ADA-E66F0D6D8DC3}.Release|Any CPU.ActiveCfg = Release|Any CPU
		{EB42FCB0-D7A2-4A6C-8ADA-E66F0D6D8DC3}.Release|Any CPU.Build.0 = Release|Any CPU
		{5CF2D183-6E3E-4ED7-8C23-2A11C54561C0}.Debug|Any CPU.ActiveCfg = Debug|Any CPU
		{5CF2D183-6E3E-4ED7-8C23-2A11C54561C0}.Debug|Any CPU.Build.0 = Debug|Any CPU
		{5CF2D183-6E3E-4ED7-8C23-2A11C54561C0}.Release|Any CPU.ActiveCfg = Release|Any CPU
		{5CF2D183-6E3E-4ED7-8C23-2A11C54561C0}.Release|Any CPU.Build.0 = Release|Any CPU
		{DBBF1B1E-6470-4C0B-8608-7A2CCB670496}.Debug|Any CPU.ActiveCfg = Debug|Any CPU
		{DBBF1B1E-6470-4C0B-8608-7A2CCB670496}.Debug|Any CPU.Build.0 = Debug|Any CPU
		{DBBF1B1E-6470-4C0B-8608-7A2CCB670496}.Release|Any CPU.ActiveCfg = Release|Any CPU
		{DBBF1B1E-6470-4C0B-8608-7A2CCB670496}.Release|Any CPU.Build.0 = Release|Any CPU
		{0BF647A0-EAFF-4FAB-B71A-399C6ACF4B9F}.Debug|Any CPU.ActiveCfg = Debug|Any CPU
		{0BF647A0-EAFF-4FAB-B71A-399C6ACF4B9F}.Debug|Any CPU.Build.0 = Debug|Any CPU
		{0BF647A0-EAFF-4FAB-B71A-399C6ACF4B9F}.Release|Any CPU.ActiveCfg = Release|Any CPU
		{0BF647A0-EAFF-4FAB-B71A-399C6ACF4B9F}.Release|Any CPU.Build.0 = Release|Any CPU
		{93CE7BC2-09CA-47D5-9CC3-24B40BF49CCB}.Debug|Any CPU.ActiveCfg = Debug|Any CPU
		{93CE7BC2-09CA-47D5-9CC3-24B40BF49CCB}.Debug|Any CPU.Build.0 = Debug|Any CPU
		{93CE7BC2-09CA-47D5-9CC3-24B40BF49CCB}.Release|Any CPU.ActiveCfg = Release|Any CPU
		{93CE7BC2-09CA-47D5-9CC3-24B40BF49CCB}.Release|Any CPU.Build.0 = Release|Any CPU
	EndGlobalSection
	GlobalSection(SolutionProperties) = preSolution
		HideSolutionNode = FALSE
	EndGlobalSection
	GlobalSection(ExtensibilityGlobals) = postSolution
		SolutionGuid = {4263D10C-B06E-439B-9D24-CA2B29E5D79E}
	EndGlobalSection
EndGlobal
